// !$*UTF8*$!
{
	archiveVersion = 1;
	classes = {
	};
	objectVersion = 50;
	objects = {

/* Begin PBXBuildFile section */
		1113B17B24122D510011B4BB /* CardUIButton.swift in Sources */ = {isa = PBXBuildFile; fileRef = 1113B17A24122D510011B4BB /* CardUIButton.swift */; };
		112DD6D5240E2E7A009B0BE2 /* AppDelegate.swift in Sources */ = {isa = PBXBuildFile; fileRef = 112DD6D4240E2E7A009B0BE2 /* AppDelegate.swift */; };
		112DD6D7240E2E7A009B0BE2 /* SceneDelegate.swift in Sources */ = {isa = PBXBuildFile; fileRef = 112DD6D6240E2E7A009B0BE2 /* SceneDelegate.swift */; };
		112DD6D9240E2E7A009B0BE2 /* ViewController.swift in Sources */ = {isa = PBXBuildFile; fileRef = 112DD6D8240E2E7A009B0BE2 /* ViewController.swift */; };
		112DD6DC240E2E7A009B0BE2 /* Main.storyboard in Resources */ = {isa = PBXBuildFile; fileRef = 112DD6DA240E2E7A009B0BE2 /* Main.storyboard */; };
		112DD6DF240E2E7A009B0BE2 /* PairsGame.xcdatamodeld in Sources */ = {isa = PBXBuildFile; fileRef = 112DD6DD240E2E7A009B0BE2 /* PairsGame.xcdatamodeld */; };
		112DD6E1240E2E7C009B0BE2 /* Assets.xcassets in Resources */ = {isa = PBXBuildFile; fileRef = 112DD6E0240E2E7C009B0BE2 /* Assets.xcassets */; };
		112DD6E4240E2E7C009B0BE2 /* LaunchScreen.storyboard in Resources */ = {isa = PBXBuildFile; fileRef = 112DD6E2240E2E7C009B0BE2 /* LaunchScreen.storyboard */; };
		112DD6EF240E2E7C009B0BE2 /* PairsGameTests.swift in Sources */ = {isa = PBXBuildFile; fileRef = 112DD6EE240E2E7C009B0BE2 /* PairsGameTests.swift */; };
		11B82C312410C5CC0022750D /* 6D.png in Resources */ = {isa = PBXBuildFile; fileRef = 11B82BFC2410C5CC0022750D /* 6D.png */; };
		11B82C322410C5CC0022750D /* 5H.png in Resources */ = {isa = PBXBuildFile; fileRef = 11B82BFD2410C5CC0022750D /* 5H.png */; };
		11B82C332410C5CC0022750D /* 6S.png in Resources */ = {isa = PBXBuildFile; fileRef = 11B82BFE2410C5CC0022750D /* 6S.png */; };
		11B82C342410C5CC0022750D /* 7C.png in Resources */ = {isa = PBXBuildFile; fileRef = 11B82BFF2410C5CC0022750D /* 7C.png */; };
		11B82C352410C5CC0022750D /* AS.png in Resources */ = {isa = PBXBuildFile; fileRef = 11B82C002410C5CC0022750D /* AS.png */; };
		11B82C362410C5CC0022750D /* AD.png in Resources */ = {isa = PBXBuildFile; fileRef = 11B82C012410C5CC0022750D /* AD.png */; };
		11B82C372410C5CC0022750D /* 9H.png in Resources */ = {isa = PBXBuildFile; fileRef = 11B82C022410C5CC0022750D /* 9H.png */; };
		11B82C382410C5CC0022750D /* 8H.png in Resources */ = {isa = PBXBuildFile; fileRef = 11B82C032410C5CC0022750D /* 8H.png */; };
		11B82C392410C5CC0022750D /* 6C.png in Resources */ = {isa = PBXBuildFile; fileRef = 11B82C042410C5CC0022750D /* 6C.png */; };
		11B82C3A2410C5CC0022750D /* 7D.png in Resources */ = {isa = PBXBuildFile; fileRef = 11B82C052410C5CC0022750D /* 7D.png */; };
		11B82C3B2410C5CC0022750D /* 7S.png in Resources */ = {isa = PBXBuildFile; fileRef = 11B82C062410C5CC0022750D /* 7S.png */; };
		11B82C3C2410C5CC0022750D /* 4H.png in Resources */ = {isa = PBXBuildFile; fileRef = 11B82C072410C5CC0022750D /* 4H.png */; };
		11B82C3D2410C5CC0022750D /* AC.png in Resources */ = {isa = PBXBuildFile; fileRef = 11B82C082410C5CC0022750D /* AC.png */; };
		11B82C3E2410C5CC0022750D /* QH.png in Resources */ = {isa = PBXBuildFile; fileRef = 11B82C092410C5CC0022750D /* QH.png */; };
		11B82C3F2410C5CC0022750D /* JC.png in Resources */ = {isa = PBXBuildFile; fileRef = 11B82C0A2410C5CC0022750D /* JC.png */; };
		11B82C402410C5CC0022750D /* 10D.png in Resources */ = {isa = PBXBuildFile; fileRef = 11B82C0B2410C5CC0022750D /* 10D.png */; };
		11B82C412410C5CC0022750D /* 10S.png in Resources */ = {isa = PBXBuildFile; fileRef = 11B82C0C2410C5CC0022750D /* 10S.png */; };
		11B82C422410C5CC0022750D /* 3H.png in Resources */ = {isa = PBXBuildFile; fileRef = 11B82C0D2410C5CC0022750D /* 3H.png */; };
		11B82C432410C5CC0022750D /* KS.png in Resources */ = {isa = PBXBuildFile; fileRef = 11B82C0E2410C5CC0022750D /* KS.png */; };
		11B82C442410C5CC0022750D /* KD.png in Resources */ = {isa = PBXBuildFile; fileRef = 11B82C0F2410C5CC0022750D /* KD.png */; };
		11B82C452410C5CC0022750D /* JS.png in Resources */ = {isa = PBXBuildFile; fileRef = 11B82C102410C5CC0022750D /* JS.png */; };
		11B82C462410C5CC0022750D /* JD.png in Resources */ = {isa = PBXBuildFile; fileRef = 11B82C112410C5CC0022750D /* JD.png */; };
		11B82C472410C5CC0022750D /* 2H.png in Resources */ = {isa = PBXBuildFile; fileRef = 11B82C122410C5CC0022750D /* 2H.png */; };
		11B82C482410C5CC0022750D /* KC.png in Resources */ = {isa = PBXBuildFile; fileRef = 11B82C132410C5CC0022750D /* KC.png */; };
		11B82C492410C5CC0022750D /* 10C.png in Resources */ = {isa = PBXBuildFile; fileRef = 11B82C142410C5CC0022750D /* 10C.png */; };
		11B82C4A2410C5CC0022750D /* 3C.png in Resources */ = {isa = PBXBuildFile; fileRef = 11B82C152410C5CC0022750D /* 3C.png */; };
		11B82C4B2410C5CC0022750D /* JH.png in Resources */ = {isa = PBXBuildFile; fileRef = 11B82C162410C5CC0022750D /* JH.png */; };
		11B82C4C2410C5CC0022750D /* 2S.png in Resources */ = {isa = PBXBuildFile; fileRef = 11B82C172410C5CC0022750D /* 2S.png */; };
		11B82C4D2410C5CC0022750D /* 2D.png in Resources */ = {isa = PBXBuildFile; fileRef = 11B82C182410C5CC0022750D /* 2D.png */; };
		11B82C4E2410C5CC0022750D /* QC.png in Resources */ = {isa = PBXBuildFile; fileRef = 11B82C192410C5CC0022750D /* QC.png */; };
		11B82C4F2410C5CC0022750D /* 10H.png in Resources */ = {isa = PBXBuildFile; fileRef = 11B82C1A2410C5CC0022750D /* 10H.png */; };
		11B82C502410C5CC0022750D /* 3S.png in Resources */ = {isa = PBXBuildFile; fileRef = 11B82C1B2410C5CC0022750D /* 3S.png */; };
		11B82C512410C5CC0022750D /* 3D.png in Resources */ = {isa = PBXBuildFile; fileRef = 11B82C1C2410C5CC0022750D /* 3D.png */; };
		11B82C522410C5CC0022750D /* KH.png in Resources */ = {isa = PBXBuildFile; fileRef = 11B82C1D2410C5CC0022750D /* KH.png */; };
		11B82C532410C5CC0022750D /* QS.png in Resources */ = {isa = PBXBuildFile; fileRef = 11B82C1E2410C5CC0022750D /* QS.png */; };
		11B82C542410C5CC0022750D /* QD.png in Resources */ = {isa = PBXBuildFile; fileRef = 11B82C1F2410C5CC0022750D /* QD.png */; };
		11B82C552410C5CC0022750D /* 2C.png in Resources */ = {isa = PBXBuildFile; fileRef = 11B82C202410C5CC0022750D /* 2C.png */; };
		11B82C562410C5CC0022750D /* 9C.png in Resources */ = {isa = PBXBuildFile; fileRef = 11B82C212410C5CC0022750D /* 9C.png */; };
		11B82C572410C5CC0022750D /* 4S.png in Resources */ = {isa = PBXBuildFile; fileRef = 11B82C222410C5CC0022750D /* 4S.png */; };
		11B82C582410C5CC0022750D /* 7H.png in Resources */ = {isa = PBXBuildFile; fileRef = 11B82C232410C5CC0022750D /* 7H.png */; };
		11B82C592410C5CC0022750D /* 4D.png in Resources */ = {isa = PBXBuildFile; fileRef = 11B82C242410C5CC0022750D /* 4D.png */; };
		11B82C5A2410C5CC0022750D /* 8S.png in Resources */ = {isa = PBXBuildFile; fileRef = 11B82C252410C5CC0022750D /* 8S.png */; };
		11B82C5B2410C5CC0022750D /* 8D.png in Resources */ = {isa = PBXBuildFile; fileRef = 11B82C262410C5CC0022750D /* 8D.png */; };
		11B82C5C2410C5CC0022750D /* 5C.png in Resources */ = {isa = PBXBuildFile; fileRef = 11B82C272410C5CC0022750D /* 5C.png */; };
		11B82C5D2410C5CC0022750D /* 4C.png in Resources */ = {isa = PBXBuildFile; fileRef = 11B82C282410C5CC0022750D /* 4C.png */; };
		11B82C5E2410C5CC0022750D /* AH.png in Resources */ = {isa = PBXBuildFile; fileRef = 11B82C292410C5CC0022750D /* AH.png */; };
		11B82C5F2410C5CC0022750D /* 9S.png in Resources */ = {isa = PBXBuildFile; fileRef = 11B82C2A2410C5CC0022750D /* 9S.png */; };
		11B82C602410C5CC0022750D /* 9D.png in Resources */ = {isa = PBXBuildFile; fileRef = 11B82C2B2410C5CC0022750D /* 9D.png */; };
		11B82C622410C5CC0022750D /* 6H.png in Resources */ = {isa = PBXBuildFile; fileRef = 11B82C2D2410C5CC0022750D /* 6H.png */; };
		11B82C632410C5CC0022750D /* 5S.png in Resources */ = {isa = PBXBuildFile; fileRef = 11B82C2E2410C5CC0022750D /* 5S.png */; };
		11B82C642410C5CC0022750D /* 5D.png in Resources */ = {isa = PBXBuildFile; fileRef = 11B82C2F2410C5CC0022750D /* 5D.png */; };
		11B82C652410C5CC0022750D /* 8C.png in Resources */ = {isa = PBXBuildFile; fileRef = 11B82C302410C5CC0022750D /* 8C.png */; };
		11B82C6B2410EBFB0022750D /* BACK.png in Resources */ = {isa = PBXBuildFile; fileRef = 11B82C6A2410EBFA0022750D /* BACK.png */; };
/* End PBXBuildFile section */

/* Begin PBXContainerItemProxy section */
		112DD6EB240E2E7C009B0BE2 /* PBXContainerItemProxy */ = {
			isa = PBXContainerItemProxy;
			containerPortal = 112DD6C9240E2E7A009B0BE2 /* Project object */;
			proxyType = 1;
			remoteGlobalIDString = 112DD6D0240E2E7A009B0BE2;
			remoteInfo = PairsGame;
		};
/* End PBXContainerItemProxy section */

/* Begin PBXFileReference section */
		1113B17A24122D510011B4BB /* CardUIButton.swift */ = {isa = PBXFileReference; lastKnownFileType = sourcecode.swift; path = CardUIButton.swift; sourceTree = "<group>"; };
		112DD6D1240E2E7A009B0BE2 /* PairsGame.app */ = {isa = PBXFileReference; explicitFileType = wrapper.application; includeInIndex = 0; path = PairsGame.app; sourceTree = BUILT_PRODUCTS_DIR; };
		112DD6D4240E2E7A009B0BE2 /* AppDelegate.swift */ = {isa = PBXFileReference; lastKnownFileType = sourcecode.swift; path = AppDelegate.swift; sourceTree = "<group>"; };
		112DD6D6240E2E7A009B0BE2 /* SceneDelegate.swift */ = {isa = PBXFileReference; lastKnownFileType = sourcecode.swift; path = SceneDelegate.swift; sourceTree = "<group>"; };
		112DD6D8240E2E7A009B0BE2 /* ViewController.swift */ = {isa = PBXFileReference; lastKnownFileType = sourcecode.swift; path = ViewController.swift; sourceTree = "<group>"; };
		112DD6DB240E2E7A009B0BE2 /* Base */ = {isa = PBXFileReference; lastKnownFileType = file.storyboard; name = Base; path = Base.lproj/Main.storyboard; sourceTree = "<group>"; };
		112DD6DE240E2E7A009B0BE2 /* PairsGame.xcdatamodel */ = {isa = PBXFileReference; lastKnownFileType = wrapper.xcdatamodel; path = PairsGame.xcdatamodel; sourceTree = "<group>"; };
		112DD6E0240E2E7C009B0BE2 /* Assets.xcassets */ = {isa = PBXFileReference; lastKnownFileType = folder.assetcatalog; path = Assets.xcassets; sourceTree = "<group>"; };
		112DD6E3240E2E7C009B0BE2 /* Base */ = {isa = PBXFileReference; lastKnownFileType = file.storyboard; name = Base; path = Base.lproj/LaunchScreen.storyboard; sourceTree = "<group>"; };
		112DD6E5240E2E7C009B0BE2 /* Info.plist */ = {isa = PBXFileReference; lastKnownFileType = text.plist.xml; path = Info.plist; sourceTree = "<group>"; };
		112DD6EA240E2E7C009B0BE2 /* PairsGameTests.xctest */ = {isa = PBXFileReference; explicitFileType = wrapper.cfbundle; includeInIndex = 0; path = PairsGameTests.xctest; sourceTree = BUILT_PRODUCTS_DIR; };
		112DD6EE240E2E7C009B0BE2 /* PairsGameTests.swift */ = {isa = PBXFileReference; lastKnownFileType = sourcecode.swift; path = PairsGameTests.swift; sourceTree = "<group>"; };
		112DD6F0240E2E7C009B0BE2 /* Info.plist */ = {isa = PBXFileReference; lastKnownFileType = text.plist.xml; path = Info.plist; sourceTree = "<group>"; };
		11B82BFC2410C5CC0022750D /* 6D.png */ = {isa = PBXFileReference; lastKnownFileType = image.png; path = 6D.png; sourceTree = "<group>"; };
		11B82BFD2410C5CC0022750D /* 5H.png */ = {isa = PBXFileReference; lastKnownFileType = image.png; path = 5H.png; sourceTree = "<group>"; };
		11B82BFE2410C5CC0022750D /* 6S.png */ = {isa = PBXFileReference; lastKnownFileType = image.png; path = 6S.png; sourceTree = "<group>"; };
		11B82BFF2410C5CC0022750D /* 7C.png */ = {isa = PBXFileReference; lastKnownFileType = image.png; path = 7C.png; sourceTree = "<group>"; };
		11B82C002410C5CC0022750D /* AS.png */ = {isa = PBXFileReference; lastKnownFileType = image.png; path = AS.png; sourceTree = "<group>"; };
		11B82C012410C5CC0022750D /* AD.png */ = {isa = PBXFileReference; lastKnownFileType = image.png; path = AD.png; sourceTree = "<group>"; };
		11B82C022410C5CC0022750D /* 9H.png */ = {isa = PBXFileReference; lastKnownFileType = image.png; path = 9H.png; sourceTree = "<group>"; };
		11B82C032410C5CC0022750D /* 8H.png */ = {isa = PBXFileReference; lastKnownFileType = image.png; path = 8H.png; sourceTree = "<group>"; };
		11B82C042410C5CC0022750D /* 6C.png */ = {isa = PBXFileReference; lastKnownFileType = image.png; path = 6C.png; sourceTree = "<group>"; };
		11B82C052410C5CC0022750D /* 7D.png */ = {isa = PBXFileReference; lastKnownFileType = image.png; path = 7D.png; sourceTree = "<group>"; };
		11B82C062410C5CC0022750D /* 7S.png */ = {isa = PBXFileReference; lastKnownFileType = image.png; path = 7S.png; sourceTree = "<group>"; };
		11B82C072410C5CC0022750D /* 4H.png */ = {isa = PBXFileReference; lastKnownFileType = image.png; path = 4H.png; sourceTree = "<group>"; };
		11B82C082410C5CC0022750D /* AC.png */ = {isa = PBXFileReference; lastKnownFileType = image.png; path = AC.png; sourceTree = "<group>"; };
		11B82C092410C5CC0022750D /* QH.png */ = {isa = PBXFileReference; lastKnownFileType = image.png; path = QH.png; sourceTree = "<group>"; };
		11B82C0A2410C5CC0022750D /* JC.png */ = {isa = PBXFileReference; lastKnownFileType = image.png; path = JC.png; sourceTree = "<group>"; };
		11B82C0B2410C5CC0022750D /* 10D.png */ = {isa = PBXFileReference; lastKnownFileType = image.png; path = 10D.png; sourceTree = "<group>"; };
		11B82C0C2410C5CC0022750D /* 10S.png */ = {isa = PBXFileReference; lastKnownFileType = image.png; path = 10S.png; sourceTree = "<group>"; };
		11B82C0D2410C5CC0022750D /* 3H.png */ = {isa = PBXFileReference; lastKnownFileType = image.png; path = 3H.png; sourceTree = "<group>"; };
		11B82C0E2410C5CC0022750D /* KS.png */ = {isa = PBXFileReference; lastKnownFileType = image.png; path = KS.png; sourceTree = "<group>"; };
		11B82C0F2410C5CC0022750D /* KD.png */ = {isa = PBXFileReference; lastKnownFileType = image.png; path = KD.png; sourceTree = "<group>"; };
		11B82C102410C5CC0022750D /* JS.png */ = {isa = PBXFileReference; lastKnownFileType = image.png; path = JS.png; sourceTree = "<group>"; };
		11B82C112410C5CC0022750D /* JD.png */ = {isa = PBXFileReference; lastKnownFileType = image.png; path = JD.png; sourceTree = "<group>"; };
		11B82C122410C5CC0022750D /* 2H.png */ = {isa = PBXFileReference; lastKnownFileType = image.png; path = 2H.png; sourceTree = "<group>"; };
		11B82C132410C5CC0022750D /* KC.png */ = {isa = PBXFileReference; lastKnownFileType = image.png; path = KC.png; sourceTree = "<group>"; };
		11B82C142410C5CC0022750D /* 10C.png */ = {isa = PBXFileReference; lastKnownFileType = image.png; path = 10C.png; sourceTree = "<group>"; };
		11B82C152410C5CC0022750D /* 3C.png */ = {isa = PBXFileReference; lastKnownFileType = image.png; path = 3C.png; sourceTree = "<group>"; };
		11B82C162410C5CC0022750D /* JH.png */ = {isa = PBXFileReference; lastKnownFileType = image.png; path = JH.png; sourceTree = "<group>"; };
		11B82C172410C5CC0022750D /* 2S.png */ = {isa = PBXFileReference; lastKnownFileType = image.png; path = 2S.png; sourceTree = "<group>"; };
		11B82C182410C5CC0022750D /* 2D.png */ = {isa = PBXFileReference; lastKnownFileType = image.png; path = 2D.png; sourceTree = "<group>"; };
		11B82C192410C5CC0022750D /* QC.png */ = {isa = PBXFileReference; lastKnownFileType = image.png; path = QC.png; sourceTree = "<group>"; };
		11B82C1A2410C5CC0022750D /* 10H.png */ = {isa = PBXFileReference; lastKnownFileType = image.png; path = 10H.png; sourceTree = "<group>"; };
		11B82C1B2410C5CC0022750D /* 3S.png */ = {isa = PBXFileReference; lastKnownFileType = image.png; path = 3S.png; sourceTree = "<group>"; };
		11B82C1C2410C5CC0022750D /* 3D.png */ = {isa = PBXFileReference; lastKnownFileType = image.png; path = 3D.png; sourceTree = "<group>"; };
		11B82C1D2410C5CC0022750D /* KH.png */ = {isa = PBXFileReference; lastKnownFileType = image.png; path = KH.png; sourceTree = "<group>"; };
		11B82C1E2410C5CC0022750D /* QS.png */ = {isa = PBXFileReference; lastKnownFileType = image.png; path = QS.png; sourceTree = "<group>"; };
		11B82C1F2410C5CC0022750D /* QD.png */ = {isa = PBXFileReference; lastKnownFileType = image.png; path = QD.png; sourceTree = "<group>"; };
		11B82C202410C5CC0022750D /* 2C.png */ = {isa = PBXFileReference; lastKnownFileType = image.png; path = 2C.png; sourceTree = "<group>"; };
		11B82C212410C5CC0022750D /* 9C.png */ = {isa = PBXFileReference; lastKnownFileType = image.png; path = 9C.png; sourceTree = "<group>"; };
		11B82C222410C5CC0022750D /* 4S.png */ = {isa = PBXFileReference; lastKnownFileType = image.png; path = 4S.png; sourceTree = "<group>"; };
		11B82C232410C5CC0022750D /* 7H.png */ = {isa = PBXFileReference; lastKnownFileType = image.png; path = 7H.png; sourceTree = "<group>"; };
		11B82C242410C5CC0022750D /* 4D.png */ = {isa = PBXFileReference; lastKnownFileType = image.png; path = 4D.png; sourceTree = "<group>"; };
		11B82C252410C5CC0022750D /* 8S.png */ = {isa = PBXFileReference; lastKnownFileType = image.png; path = 8S.png; sourceTree = "<group>"; };
		11B82C262410C5CC0022750D /* 8D.png */ = {isa = PBXFileReference; lastKnownFileType = image.png; path = 8D.png; sourceTree = "<group>"; };
		11B82C272410C5CC0022750D /* 5C.png */ = {isa = PBXFileReference; lastKnownFileType = image.png; path = 5C.png; sourceTree = "<group>"; };
		11B82C282410C5CC0022750D /* 4C.png */ = {isa = PBXFileReference; lastKnownFileType = image.png; path = 4C.png; sourceTree = "<group>"; };
		11B82C292410C5CC0022750D /* AH.png */ = {isa = PBXFileReference; lastKnownFileType = image.png; path = AH.png; sourceTree = "<group>"; };
		11B82C2A2410C5CC0022750D /* 9S.png */ = {isa = PBXFileReference; lastKnownFileType = image.png; path = 9S.png; sourceTree = "<group>"; };
		11B82C2B2410C5CC0022750D /* 9D.png */ = {isa = PBXFileReference; lastKnownFileType = image.png; path = 9D.png; sourceTree = "<group>"; };
		11B82C2D2410C5CC0022750D /* 6H.png */ = {isa = PBXFileReference; lastKnownFileType = image.png; path = 6H.png; sourceTree = "<group>"; };
		11B82C2E2410C5CC0022750D /* 5S.png */ = {isa = PBXFileReference; lastKnownFileType = image.png; path = 5S.png; sourceTree = "<group>"; };
		11B82C2F2410C5CC0022750D /* 5D.png */ = {isa = PBXFileReference; lastKnownFileType = image.png; path = 5D.png; sourceTree = "<group>"; };
		11B82C302410C5CC0022750D /* 8C.png */ = {isa = PBXFileReference; lastKnownFileType = image.png; path = 8C.png; sourceTree = "<group>"; };
		11B82C6A2410EBFA0022750D /* BACK.png */ = {isa = PBXFileReference; lastKnownFileType = image.png; path = BACK.png; sourceTree = "<group>"; };
/* End PBXFileReference section */

/* Begin PBXFrameworksBuildPhase section */
		112DD6CE240E2E7A009B0BE2 /* Frameworks */ = {
			isa = PBXFrameworksBuildPhase;
			buildActionMask = 2147483647;
			files = (
			);
			runOnlyForDeploymentPostprocessing = 0;
		};
		112DD6E7240E2E7C009B0BE2 /* Frameworks */ = {
			isa = PBXFrameworksBuildPhase;
			buildActionMask = 2147483647;
			files = (
			);
			runOnlyForDeploymentPostprocessing = 0;
		};
/* End PBXFrameworksBuildPhase section */

/* Begin PBXGroup section */
		112DD6C8240E2E7A009B0BE2 = {
			isa = PBXGroup;
			children = (
				112DD6D3240E2E7A009B0BE2 /* PairsGame */,
				112DD6ED240E2E7C009B0BE2 /* PairsGameTests */,
				112DD6D2240E2E7A009B0BE2 /* Products */,
			);
			sourceTree = "<group>";
		};
		112DD6D2240E2E7A009B0BE2 /* Products */ = {
			isa = PBXGroup;
			children = (
				112DD6D1240E2E7A009B0BE2 /* PairsGame.app */,
				112DD6EA240E2E7C009B0BE2 /* PairsGameTests.xctest */,
			);
			name = Products;
			sourceTree = "<group>";
		};
		112DD6D3240E2E7A009B0BE2 /* PairsGame */ = {
			isa = PBXGroup;
			children = (
				112DD6D4240E2E7A009B0BE2 /* AppDelegate.swift */,
				112DD6D6240E2E7A009B0BE2 /* SceneDelegate.swift */,
				1113B17A24122D510011B4BB /* CardUIButton.swift */,
				112DD6D8240E2E7A009B0BE2 /* ViewController.swift */,
				112DD6DA240E2E7A009B0BE2 /* Main.storyboard */,
				112DD6E0240E2E7C009B0BE2 /* Assets.xcassets */,
				112DD6E2240E2E7C009B0BE2 /* LaunchScreen.storyboard */,
				112DD6E5240E2E7C009B0BE2 /* Info.plist */,
				112DD6DD240E2E7A009B0BE2 /* PairsGame.xcdatamodeld */,
				11B82BFB2410C5CC0022750D /* Cards */,
			);
			path = PairsGame;
			sourceTree = "<group>";
		};
		112DD6ED240E2E7C009B0BE2 /* PairsGameTests */ = {
			isa = PBXGroup;
			children = (
				112DD6EE240E2E7C009B0BE2 /* PairsGameTests.swift */,
				112DD6F0240E2E7C009B0BE2 /* Info.plist */,
			);
			path = PairsGameTests;
			sourceTree = "<group>";
		};
		11B82BFB2410C5CC0022750D /* Cards */ = {
			isa = PBXGroup;
			children = (
				11B82C6A2410EBFA0022750D /* BACK.png */,
				11B82BFC2410C5CC0022750D /* 6D.png */,
				11B82BFD2410C5CC0022750D /* 5H.png */,
				11B82BFE2410C5CC0022750D /* 6S.png */,
				11B82BFF2410C5CC0022750D /* 7C.png */,
				11B82C002410C5CC0022750D /* AS.png */,
				11B82C012410C5CC0022750D /* AD.png */,
				11B82C022410C5CC0022750D /* 9H.png */,
				11B82C032410C5CC0022750D /* 8H.png */,
				11B82C042410C5CC0022750D /* 6C.png */,
				11B82C052410C5CC0022750D /* 7D.png */,
				11B82C062410C5CC0022750D /* 7S.png */,
				11B82C072410C5CC0022750D /* 4H.png */,
				11B82C082410C5CC0022750D /* AC.png */,
				11B82C092410C5CC0022750D /* QH.png */,
				11B82C0A2410C5CC0022750D /* JC.png */,
				11B82C0B2410C5CC0022750D /* 10D.png */,
				11B82C0C2410C5CC0022750D /* 10S.png */,
				11B82C0D2410C5CC0022750D /* 3H.png */,
				11B82C0E2410C5CC0022750D /* KS.png */,
				11B82C0F2410C5CC0022750D /* KD.png */,
				11B82C102410C5CC0022750D /* JS.png */,
				11B82C112410C5CC0022750D /* JD.png */,
				11B82C122410C5CC0022750D /* 2H.png */,
				11B82C132410C5CC0022750D /* KC.png */,
				11B82C142410C5CC0022750D /* 10C.png */,
				11B82C152410C5CC0022750D /* 3C.png */,
				11B82C162410C5CC0022750D /* JH.png */,
				11B82C172410C5CC0022750D /* 2S.png */,
				11B82C182410C5CC0022750D /* 2D.png */,
				11B82C192410C5CC0022750D /* QC.png */,
				11B82C1A2410C5CC0022750D /* 10H.png */,
				11B82C1B2410C5CC0022750D /* 3S.png */,
				11B82C1C2410C5CC0022750D /* 3D.png */,
				11B82C1D2410C5CC0022750D /* KH.png */,
				11B82C1E2410C5CC0022750D /* QS.png */,
				11B82C1F2410C5CC0022750D /* QD.png */,
				11B82C202410C5CC0022750D /* 2C.png */,
				11B82C212410C5CC0022750D /* 9C.png */,
				11B82C222410C5CC0022750D /* 4S.png */,
				11B82C232410C5CC0022750D /* 7H.png */,
				11B82C242410C5CC0022750D /* 4D.png */,
				11B82C252410C5CC0022750D /* 8S.png */,
				11B82C262410C5CC0022750D /* 8D.png */,
				11B82C272410C5CC0022750D /* 5C.png */,
				11B82C282410C5CC0022750D /* 4C.png */,
				11B82C292410C5CC0022750D /* AH.png */,
				11B82C2A2410C5CC0022750D /* 9S.png */,
				11B82C2B2410C5CC0022750D /* 9D.png */,
				11B82C2D2410C5CC0022750D /* 6H.png */,
				11B82C2E2410C5CC0022750D /* 5S.png */,
				11B82C2F2410C5CC0022750D /* 5D.png */,
				11B82C302410C5CC0022750D /* 8C.png */,
			);
			path = Cards;
			sourceTree = "<group>";
		};
/* End PBXGroup section */

/* Begin PBXNativeTarget section */
		112DD6D0240E2E7A009B0BE2 /* PairsGame */ = {
			isa = PBXNativeTarget;
			buildConfigurationList = 112DD6F3240E2E7C009B0BE2 /* Build configuration list for PBXNativeTarget "PairsGame" */;
			buildPhases = (
				112DD6CD240E2E7A009B0BE2 /* Sources */,
				112DD6CE240E2E7A009B0BE2 /* Frameworks */,
				112DD6CF240E2E7A009B0BE2 /* Resources */,
			);
			buildRules = (
			);
			dependencies = (
			);
			name = PairsGame;
			productName = PairsGame;
			productReference = 112DD6D1240E2E7A009B0BE2 /* PairsGame.app */;
			productType = "com.apple.product-type.application";
		};
		112DD6E9240E2E7C009B0BE2 /* PairsGameTests */ = {
			isa = PBXNativeTarget;
			buildConfigurationList = 112DD6F6240E2E7C009B0BE2 /* Build configuration list for PBXNativeTarget "PairsGameTests" */;
			buildPhases = (
				112DD6E6240E2E7C009B0BE2 /* Sources */,
				112DD6E7240E2E7C009B0BE2 /* Frameworks */,
				112DD6E8240E2E7C009B0BE2 /* Resources */,
			);
			buildRules = (
			);
			dependencies = (
				112DD6EC240E2E7C009B0BE2 /* PBXTargetDependency */,
			);
			name = PairsGameTests;
			productName = PairsGameTests;
			productReference = 112DD6EA240E2E7C009B0BE2 /* PairsGameTests.xctest */;
			productType = "com.apple.product-type.bundle.unit-test";
		};
/* End PBXNativeTarget section */

/* Begin PBXProject section */
		112DD6C9240E2E7A009B0BE2 /* Project object */ = {
			isa = PBXProject;
			attributes = {
				LastSwiftUpdateCheck = 1130;
				LastUpgradeCheck = 1130;
				ORGANIZATIONNAME = alexander;
				TargetAttributes = {
					112DD6D0240E2E7A009B0BE2 = {
						CreatedOnToolsVersion = 11.3.1;
					};
					112DD6E9240E2E7C009B0BE2 = {
						CreatedOnToolsVersion = 11.3.1;
						TestTargetID = 112DD6D0240E2E7A009B0BE2;
					};
				};
			};
			buildConfigurationList = 112DD6CC240E2E7A009B0BE2 /* Build configuration list for PBXProject "PairsGame" */;
			compatibilityVersion = "Xcode 9.3";
			developmentRegion = en;
			hasScannedForEncodings = 0;
			knownRegions = (
				en,
				Base,
			);
			mainGroup = 112DD6C8240E2E7A009B0BE2;
			productRefGroup = 112DD6D2240E2E7A009B0BE2 /* Products */;
			projectDirPath = "";
			projectRoot = "";
			targets = (
				112DD6D0240E2E7A009B0BE2 /* PairsGame */,
				112DD6E9240E2E7C009B0BE2 /* PairsGameTests */,
			);
		};
/* End PBXProject section */

/* Begin PBXResourcesBuildPhase section */
		112DD6CF240E2E7A009B0BE2 /* Resources */ = {
			isa = PBXResourcesBuildPhase;
			buildActionMask = 2147483647;
			files = (
				11B82C482410C5CC0022750D /* KC.png in Resources */,
				11B82C522410C5CC0022750D /* KH.png in Resources */,
				11B82C462410C5CC0022750D /* JD.png in Resources */,
				11B82C4C2410C5CC0022750D /* 2S.png in Resources */,
				11B82C492410C5CC0022750D /* 10C.png in Resources */,
				11B82C642410C5CC0022750D /* 5D.png in Resources */,
				11B82C3A2410C5CC0022750D /* 7D.png in Resources */,
				11B82C372410C5CC0022750D /* 9H.png in Resources */,
				11B82C382410C5CC0022750D /* 8H.png in Resources */,
				11B82C322410C5CC0022750D /* 5H.png in Resources */,
				11B82C442410C5CC0022750D /* KD.png in Resources */,
				11B82C422410C5CC0022750D /* 3H.png in Resources */,
				11B82C4A2410C5CC0022750D /* 3C.png in Resources */,
				11B82C572410C5CC0022750D /* 4S.png in Resources */,
				11B82C342410C5CC0022750D /* 7C.png in Resources */,
				11B82C3C2410C5CC0022750D /* 4H.png in Resources */,
				11B82C5F2410C5CC0022750D /* 9S.png in Resources */,
				11B82C412410C5CC0022750D /* 10S.png in Resources */,
				11B82C5D2410C5CC0022750D /* 4C.png in Resources */,
				112DD6E4240E2E7C009B0BE2 /* LaunchScreen.storyboard in Resources */,
				11B82C5E2410C5CC0022750D /* AH.png in Resources */,
				11B82C622410C5CC0022750D /* 6H.png in Resources */,
				11B82C592410C5CC0022750D /* 4D.png in Resources */,
				11B82C4D2410C5CC0022750D /* 2D.png in Resources */,
				11B82C5B2410C5CC0022750D /* 8D.png in Resources */,
				11B82C332410C5CC0022750D /* 6S.png in Resources */,
				11B82C4F2410C5CC0022750D /* 10H.png in Resources */,
				11B82C652410C5CC0022750D /* 8C.png in Resources */,
				11B82C4B2410C5CC0022750D /* JH.png in Resources */,
				11B82C392410C5CC0022750D /* 6C.png in Resources */,
				11B82C512410C5CC0022750D /* 3D.png in Resources */,
				11B82C502410C5CC0022750D /* 3S.png in Resources */,
				11B82C5A2410C5CC0022750D /* 8S.png in Resources */,
				11B82C472410C5CC0022750D /* 2H.png in Resources */,
				11B82C362410C5CC0022750D /* AD.png in Resources */,
				11B82C3B2410C5CC0022750D /* 7S.png in Resources */,
				11B82C542410C5CC0022750D /* QD.png in Resources */,
				112DD6E1240E2E7C009B0BE2 /* Assets.xcassets in Resources */,
				11B82C352410C5CC0022750D /* AS.png in Resources */,
				11B82C4E2410C5CC0022750D /* QC.png in Resources */,
				11B82C5C2410C5CC0022750D /* 5C.png in Resources */,
				11B82C552410C5CC0022750D /* 2C.png in Resources */,
				11B82C432410C5CC0022750D /* KS.png in Resources */,
				11B82C3E2410C5CC0022750D /* QH.png in Resources */,
				11B82C6B2410EBFB0022750D /* BACK.png in Resources */,
				11B82C3F2410C5CC0022750D /* JC.png in Resources */,
				11B82C3D2410C5CC0022750D /* AC.png in Resources */,
				11B82C582410C5CC0022750D /* 7H.png in Resources */,
				11B82C602410C5CC0022750D /* 9D.png in Resources */,
				11B82C562410C5CC0022750D /* 9C.png in Resources */,
				11B82C532410C5CC0022750D /* QS.png in Resources */,
				11B82C632410C5CC0022750D /* 5S.png in Resources */,
				112DD6DC240E2E7A009B0BE2 /* Main.storyboard in Resources */,
				11B82C312410C5CC0022750D /* 6D.png in Resources */,
				11B82C452410C5CC0022750D /* JS.png in Resources */,
				11B82C402410C5CC0022750D /* 10D.png in Resources */,
			);
			runOnlyForDeploymentPostprocessing = 0;
		};
		112DD6E8240E2E7C009B0BE2 /* Resources */ = {
			isa = PBXResourcesBuildPhase;
			buildActionMask = 2147483647;
			files = (
			);
			runOnlyForDeploymentPostprocessing = 0;
		};
/* End PBXResourcesBuildPhase section */

/* Begin PBXSourcesBuildPhase section */
		112DD6CD240E2E7A009B0BE2 /* Sources */ = {
			isa = PBXSourcesBuildPhase;
			buildActionMask = 2147483647;
			files = (
				112DD6D9240E2E7A009B0BE2 /* ViewController.swift in Sources */,
				112DD6D5240E2E7A009B0BE2 /* AppDelegate.swift in Sources */,
				1113B17B24122D510011B4BB /* CardUIButton.swift in Sources */,
				112DD6D7240E2E7A009B0BE2 /* SceneDelegate.swift in Sources */,
				112DD6DF240E2E7A009B0BE2 /* PairsGame.xcdatamodeld in Sources */,
			);
			runOnlyForDeploymentPostprocessing = 0;
		};
		112DD6E6240E2E7C009B0BE2 /* Sources */ = {
			isa = PBXSourcesBuildPhase;
			buildActionMask = 2147483647;
			files = (
				112DD6EF240E2E7C009B0BE2 /* PairsGameTests.swift in Sources */,
			);
			runOnlyForDeploymentPostprocessing = 0;
		};
/* End PBXSourcesBuildPhase section */

/* Begin PBXTargetDependency section */
		112DD6EC240E2E7C009B0BE2 /* PBXTargetDependency */ = {
			isa = PBXTargetDependency;
			target = 112DD6D0240E2E7A009B0BE2 /* PairsGame */;
			targetProxy = 112DD6EB240E2E7C009B0BE2 /* PBXContainerItemProxy */;
		};
/* End PBXTargetDependency section */

/* Begin PBXVariantGroup section */
		112DD6DA240E2E7A009B0BE2 /* Main.storyboard */ = {
			isa = PBXVariantGroup;
			children = (
				112DD6DB240E2E7A009B0BE2 /* Base */,
			);
			name = Main.storyboard;
			sourceTree = "<group>";
		};
		112DD6E2240E2E7C009B0BE2 /* LaunchScreen.storyboard */ = {
			isa = PBXVariantGroup;
			children = (
				112DD6E3240E2E7C009B0BE2 /* Base */,
			);
			name = LaunchScreen.storyboard;
			sourceTree = "<group>";
		};
/* End PBXVariantGroup section */

/* Begin XCBuildConfiguration section */
		112DD6F1240E2E7C009B0BE2 /* Debug */ = {
			isa = XCBuildConfiguration;
			buildSettings = {
				ALWAYS_SEARCH_USER_PATHS = NO;
				CLANG_ANALYZER_NONNULL = YES;
				CLANG_ANALYZER_NUMBER_OBJECT_CONVERSION = YES_AGGRESSIVE;
				CLANG_CXX_LANGUAGE_STANDARD = "gnu++14";
				CLANG_CXX_LIBRARY = "libc++";
				CLANG_ENABLE_MODULES = YES;
				CLANG_ENABLE_OBJC_ARC = YES;
				CLANG_ENABLE_OBJC_WEAK = YES;
				CLANG_WARN_BLOCK_CAPTURE_AUTORELEASING = YES;
				CLANG_WARN_BOOL_CONVERSION = YES;
				CLANG_WARN_COMMA = YES;
				CLANG_WARN_CONSTANT_CONVERSION = YES;
				CLANG_WARN_DEPRECATED_OBJC_IMPLEMENTATIONS = YES;
				CLANG_WARN_DIRECT_OBJC_ISA_USAGE = YES_ERROR;
				CLANG_WARN_DOCUMENTATION_COMMENTS = YES;
				CLANG_WARN_EMPTY_BODY = YES;
				CLANG_WARN_ENUM_CONVERSION = YES;
				CLANG_WARN_INFINITE_RECURSION = YES;
				CLANG_WARN_INT_CONVERSION = YES;
				CLANG_WARN_NON_LITERAL_NULL_CONVERSION = YES;
				CLANG_WARN_OBJC_IMPLICIT_RETAIN_SELF = YES;
				CLANG_WARN_OBJC_LITERAL_CONVERSION = YES;
				CLANG_WARN_OBJC_ROOT_CLASS = YES_ERROR;
				CLANG_WARN_RANGE_LOOP_ANALYSIS = YES;
				CLANG_WARN_STRICT_PROTOTYPES = YES;
				CLANG_WARN_SUSPICIOUS_MOVE = YES;
				CLANG_WARN_UNGUARDED_AVAILABILITY = YES_AGGRESSIVE;
				CLANG_WARN_UNREACHABLE_CODE = YES;
				CLANG_WARN__DUPLICATE_METHOD_MATCH = YES;
				COPY_PHASE_STRIP = NO;
				DEBUG_INFORMATION_FORMAT = dwarf;
				ENABLE_STRICT_OBJC_MSGSEND = YES;
				ENABLE_TESTABILITY = YES;
				GCC_C_LANGUAGE_STANDARD = gnu11;
				GCC_DYNAMIC_NO_PIC = NO;
				GCC_NO_COMMON_BLOCKS = YES;
				GCC_OPTIMIZATION_LEVEL = 0;
				GCC_PREPROCESSOR_DEFINITIONS = (
					"DEBUG=1",
					"$(inherited)",
				);
				GCC_WARN_64_TO_32_BIT_CONVERSION = YES;
				GCC_WARN_ABOUT_RETURN_TYPE = YES_ERROR;
				GCC_WARN_UNDECLARED_SELECTOR = YES;
				GCC_WARN_UNINITIALIZED_AUTOS = YES_AGGRESSIVE;
				GCC_WARN_UNUSED_FUNCTION = YES;
				GCC_WARN_UNUSED_VARIABLE = YES;
				IPHONEOS_DEPLOYMENT_TARGET = 13.2;
				MTL_ENABLE_DEBUG_INFO = INCLUDE_SOURCE;
				MTL_FAST_MATH = YES;
				ONLY_ACTIVE_ARCH = YES;
				SDKROOT = iphoneos;
				SWIFT_ACTIVE_COMPILATION_CONDITIONS = DEBUG;
				SWIFT_OPTIMIZATION_LEVEL = "-Onone";
			};
			name = Debug;
		};
		112DD6F2240E2E7C009B0BE2 /* Release */ = {
			isa = XCBuildConfiguration;
			buildSettings = {
				ALWAYS_SEARCH_USER_PATHS = NO;
				CLANG_ANALYZER_NONNULL = YES;
				CLANG_ANALYZER_NUMBER_OBJECT_CONVERSION = YES_AGGRESSIVE;
				CLANG_CXX_LANGUAGE_STANDARD = "gnu++14";
				CLANG_CXX_LIBRARY = "libc++";
				CLANG_ENABLE_MODULES = YES;
				CLANG_ENABLE_OBJC_ARC = YES;
				CLANG_ENABLE_OBJC_WEAK = YES;
				CLANG_WARN_BLOCK_CAPTURE_AUTORELEASING = YES;
				CLANG_WARN_BOOL_CONVERSION = YES;
				CLANG_WARN_COMMA = YES;
				CLANG_WARN_CONSTANT_CONVERSION = YES;
				CLANG_WARN_DEPRECATED_OBJC_IMPLEMENTATIONS = YES;
				CLANG_WARN_DIRECT_OBJC_ISA_USAGE = YES_ERROR;
				CLANG_WARN_DOCUMENTATION_COMMENTS = YES;
				CLANG_WARN_EMPTY_BODY = YES;
				CLANG_WARN_ENUM_CONVERSION = YES;
				CLANG_WARN_INFINITE_RECURSION = YES;
				CLANG_WARN_INT_CONVERSION = YES;
				CLANG_WARN_NON_LITERAL_NULL_CONVERSION = YES;
				CLANG_WARN_OBJC_IMPLICIT_RETAIN_SELF = YES;
				CLANG_WARN_OBJC_LITERAL_CONVERSION = YES;
				CLANG_WARN_OBJC_ROOT_CLASS = YES_ERROR;
				CLANG_WARN_RANGE_LOOP_ANALYSIS = YES;
				CLANG_WARN_STRICT_PROTOTYPES = YES;
				CLANG_WARN_SUSPICIOUS_MOVE = YES;
				CLANG_WARN_UNGUARDED_AVAILABILITY = YES_AGGRESSIVE;
				CLANG_WARN_UNREACHABLE_CODE = YES;
				CLANG_WARN__DUPLICATE_METHOD_MATCH = YES;
				COPY_PHASE_STRIP = NO;
				DEBUG_INFORMATION_FORMAT = "dwarf-with-dsym";
				ENABLE_NS_ASSERTIONS = NO;
				ENABLE_STRICT_OBJC_MSGSEND = YES;
				GCC_C_LANGUAGE_STANDARD = gnu11;
				GCC_NO_COMMON_BLOCKS = YES;
				GCC_WARN_64_TO_32_BIT_CONVERSION = YES;
				GCC_WARN_ABOUT_RETURN_TYPE = YES_ERROR;
				GCC_WARN_UNDECLARED_SELECTOR = YES;
				GCC_WARN_UNINITIALIZED_AUTOS = YES_AGGRESSIVE;
				GCC_WARN_UNUSED_FUNCTION = YES;
				GCC_WARN_UNUSED_VARIABLE = YES;
				IPHONEOS_DEPLOYMENT_TARGET = 13.2;
				MTL_ENABLE_DEBUG_INFO = NO;
				MTL_FAST_MATH = YES;
				SDKROOT = iphoneos;
				SWIFT_COMPILATION_MODE = wholemodule;
				SWIFT_OPTIMIZATION_LEVEL = "-O";
				VALIDATE_PRODUCT = YES;
			};
			name = Release;
		};
		112DD6F4240E2E7C009B0BE2 /* Debug */ = {
			isa = XCBuildConfiguration;
			buildSettings = {
				ASSETCATALOG_COMPILER_APPICON_NAME = AppIcon;
				CODE_SIGN_STYLE = Automatic;
				DEVELOPMENT_TEAM = NVZM7NKXJW;
				INFOPLIST_FILE = PairsGame/Info.plist;
				LD_RUNPATH_SEARCH_PATHS = (
					"$(inherited)",
					"@executable_path/Frameworks",
				);
				PRODUCT_BUNDLE_IDENTIFIER = me.alebedev.PairsGame;
				PRODUCT_NAME = "$(TARGET_NAME)";
				SWIFT_VERSION = 5.0;
				TARGETED_DEVICE_FAMILY = 2;
			};
			name = Debug;
		};
		112DD6F5240E2E7C009B0BE2 /* Release */ = {
			isa = XCBuildConfiguration;
			buildSettings = {
				ASSETCATALOG_COMPILER_APPICON_NAME = AppIcon;
				CODE_SIGN_STYLE = Automatic;
				DEVELOPMENT_TEAM = NVZM7NKXJW;
				INFOPLIST_FILE = PairsGame/Info.plist;
				LD_RUNPATH_SEARCH_PATHS = (
					"$(inherited)",
					"@executable_path/Frameworks",
				);
				PRODUCT_BUNDLE_IDENTIFIER = me.alebedev.PairsGame;
				PRODUCT_NAME = "$(TARGET_NAME)";
				SWIFT_VERSION = 5.0;
				TARGETED_DEVICE_FAMILY = 2;
			};
			name = Release;
		};
		112DD6F7240E2E7C009B0BE2 /* Debug */ = {
			isa = XCBuildConfiguration;
			buildSettings = {
				ALWAYS_EMBED_SWIFT_STANDARD_LIBRARIES = YES;
				BUNDLE_LOADER = "$(TEST_HOST)";
				CODE_SIGN_STYLE = Automatic;
				DEVELOPMENT_TEAM = NVZM7NKXJW;
				INFOPLIST_FILE = PairsGameTests/Info.plist;
				IPHONEOS_DEPLOYMENT_TARGET = 13.2;
				LD_RUNPATH_SEARCH_PATHS = (
					"$(inherited)",
					"@executable_path/Frameworks",
					"@loader_path/Frameworks",
				);
				PRODUCT_BUNDLE_IDENTIFIER = me.alebedev.PairsGameTests;
				PRODUCT_NAME = "$(TARGET_NAME)";
				SWIFT_VERSION = 5.0;
				TARGETED_DEVICE_FAMILY = "1,2";
				TEST_HOST = "$(BUILT_PRODUCTS_DIR)/PairsGame.app/PairsGame";
			};
			name = Debug;
		};
		112DD6F8240E2E7C009B0BE2 /* Release */ = {
			isa = XCBuildConfiguration;
			buildSettings = {
				ALWAYS_EMBED_SWIFT_STANDARD_LIBRARIES = YES;
				BUNDLE_LOADER = "$(TEST_HOST)";
				CODE_SIGN_STYLE = Automatic;
				DEVELOPMENT_TEAM = NVZM7NKXJW;
				INFOPLIST_FILE = PairsGameTests/Info.plist;
				IPHONEOS_DEPLOYMENT_TARGET = 13.2;
				LD_RUNPATH_SEARCH_PATHS = (
					"$(inherited)",
					"@executable_path/Frameworks",
					"@loader_path/Frameworks",
				);
				PRODUCT_BUNDLE_IDENTIFIER = me.alebedev.PairsGameTests;
				PRODUCT_NAME = "$(TARGET_NAME)";
				SWIFT_VERSION = 5.0;
				TARGETED_DEVICE_FAMILY = "1,2";
				TEST_HOST = "$(BUILT_PRODUCTS_DIR)/PairsGame.app/PairsGame";
			};
			name = Release;
		};
/* End XCBuildConfiguration section */

/* Begin XCConfigurationList section */
		112DD6CC240E2E7A009B0BE2 /* Build configuration list for PBXProject "PairsGame" */ = {
			isa = XCConfigurationList;
			buildConfigurations = (
				112DD6F1240E2E7C009B0BE2 /* Debug */,
				112DD6F2240E2E7C009B0BE2 /* Release */,
			);
			defaultConfigurationIsVisible = 0;
			defaultConfigurationName = Release;
		};
		112DD6F3240E2E7C009B0BE2 /* Build configuration list for PBXNativeTarget "PairsGame" */ = {
			isa = XCConfigurationList;
			buildConfigurations = (
				112DD6F4240E2E7C009B0BE2 /* Debug */,
				112DD6F5240E2E7C009B0BE2 /* Release */,
			);
			defaultConfigurationIsVisible = 0;
			defaultConfigurationName = Release;
		};
		112DD6F6240E2E7C009B0BE2 /* Build configuration list for PBXNativeTarget "PairsGameTests" */ = {
			isa = XCConfigurationList;
			buildConfigurations = (
				112DD6F7240E2E7C009B0BE2 /* Debug */,
				112DD6F8240E2E7C009B0BE2 /* Release */,
			);
			defaultConfigurationIsVisible = 0;
			defaultConfigurationName = Release;
		};
/* End XCConfigurationList section */

/* Begin XCVersionGroup section */
		112DD6DD240E2E7A009B0BE2 /* PairsGame.xcdatamodeld */ = {
			isa = XCVersionGroup;
			children = (
				112DD6DE240E2E7A009B0BE2 /* PairsGame.xcdatamodel */,
			);
			currentVersion = 112DD6DE240E2E7A009B0BE2 /* PairsGame.xcdatamodel */;
			path = PairsGame.xcdatamodeld;
			sourceTree = "<group>";
			versionGroupType = wrapper.xcdatamodel;
		};
/* End XCVersionGroup section */
	};
	rootObject = 112DD6C9240E2E7A009B0BE2 /* Project object */;
}
